
Microsoft Visual Studio Solution File, Format Version 12.00
# Visual Studio Version 17
VisualStudioVersion = 17.8.34330.188
MinimumVisualStudioVersion = 10.0.40219.1
Project("{FAE04EC0-301F-11D3-BF4B-00C04F79EFBC}") = "Front.Cliente", "Front.Cliente\Front.Cliente.csproj", "{9948744E-947C-440B-90D1-A38834A9F2D9}"
EndProject
Global
	GlobalSection(SolutionConfigurationPlatforms) = preSolution
		Debug|Any CPU = Debug|Any CPU
		Release|Any CPU = Release|Any CPU
	EndGlobalSection
	GlobalSection(ProjectConfigurationPlatforms) = postSolution
		{9948744E-947C-440B-90D1-A38834A9F2D9}.Debug|Any CPU.ActiveCfg = Debug|Any CPU
		{9948744E-947C-440B-90D1-A38834A9F2D9}.Debug|Any CPU.Build.0 = Debug|Any CPU
		{9948744E-947C-440B-90D1-A38834A9F2D9}.Release|Any CPU.ActiveCfg = Release|Any CPU
		{9948744E-947C-440B-90D1-A38834A9F2D9}.Release|Any CPU.Build.0 = Release|Any CPU
	EndGlobalSection
	GlobalSection(SolutionProperties) = preSolution
		HideSolutionNode = FALSE
	EndGlobalSection
	GlobalSection(ExtensibilityGlobals) = postSolution
		SolutionGuid = {7321E23B-C45F-4676-94D5-F0E5B5FCCACA}
	EndGlobalSection
EndGlobal
